
Microsoft Visual Studio Solution File, Format Version 12.00
# Visual Studio Version 16
VisualStudioVersion = 16.0.28803.202
MinimumVisualStudioVersion = 10.0.40219.1
Project("{FAE04EC0-301F-11D3-BF4B-00C04F79EFBC}") = "eplucheurPatate", "eplucheurPatate\eplucheurPatate.csproj", "{159A55FE-C563-4DB4-8F7E-A57F25800C12}"
EndProject
Global
	GlobalSection(SolutionConfigurationPlatforms) = preSolution
		Debug|Any CPU = Debug|Any CPU
		Release|Any CPU = Release|Any CPU
	EndGlobalSection
	GlobalSection(ProjectConfigurationPlatforms) = postSolution
		{159A55FE-C563-4DB4-8F7E-A57F25800C12}.Debug|Any CPU.ActiveCfg = Debug|Any CPU
		{159A55FE-C563-4DB4-8F7E-A57F25800C12}.Debug|Any CPU.Build.0 = Debug|Any CPU
		{159A55FE-C563-4DB4-8F7E-A57F25800C12}.Release|Any CPU.ActiveCfg = Release|Any CPU
		{159A55FE-C563-4DB4-8F7E-A57F25800C12}.Release|Any CPU.Build.0 = Release|Any CPU
	EndGlobalSection
	GlobalSection(SolutionProperties) = preSolution
		HideSolutionNode = FALSE
	EndGlobalSection
	GlobalSection(ExtensibilityGlobals) = postSolution
		SolutionGuid = {49AE8F69-E9C2-4048-B2C6-FC2432706B27}
	EndGlobalSection
EndGlobal
